
Microsoft Visual Studio Solution File, Format Version 12.00
# Visual Studio Version 17
VisualStudioVersion = 17.11.35208.52
MinimumVisualStudioVersion = 10.0.40219.1
Project("{FAE04EC0-301F-11D3-BF4B-00C04F79EFBC}") = "user.api", "user.api\user.api.csproj", "{45A6803E-ABC5-426E-86ED-836CFAA5BF54}"
EndProject
Project("{FAE04EC0-301F-11D3-BF4B-00C04F79EFBC}") = "user.request", "user.request\user.request.csproj", "{FA996C3B-8158-409F-BE12-EB4065450B8F}"
EndProject
Project("{FAE04EC0-301F-11D3-BF4B-00C04F79EFBC}") = "user.dto", "user.dto\user.dto.csproj", "{4A3F7092-03F3-446A-BDBA-DF20EB2B0D0D}"
EndProject
Project("{FAE04EC0-301F-11D3-BF4B-00C04F79EFBC}") = "user.handler", "user.handler\user.handler.csproj", "{2EAB0217-4192-4464-8A69-71966FB60A2B}"
EndProject
Project("{FAE04EC0-301F-11D3-BF4B-00C04F79EFBC}") = "user.requestvalidator", "user.requestvalidator\user.requestvalidator.csproj", "{13916455-0E07-408C-B2BF-F36D91E19A17}"
EndProject
Project("{FAE04EC0-301F-11D3-BF4B-00C04F79EFBC}") = "user.entities", "user.entities\user.entities.csproj", "{C19655FA-82D9-4E67-A704-E2DD9F86AB0E}"
EndProject
Project("{FAE04EC0-301F-11D3-BF4B-00C04F79EFBC}") = "user.common", "user.common\user.common.csproj", "{F0BAC25F-4767-44BD-8293-909ABA870195}"
EndProject
Project("{FAE04EC0-301F-11D3-BF4B-00C04F79EFBC}") = "user.internalservices", "user.internalservices\user.internalservices.csproj", "{B754C860-AEE0-4DEF-918D-80E141857E97}"
EndProject
Project("{FAE04EC0-301F-11D3-BF4B-00C04F79EFBC}") = "user.redis", "user.redis\user.redis.csproj", "{F37797CE-EABD-497E-A95F-D9E0D44035CF}"
EndProject
Project("{FAE04EC0-301F-11D3-BF4B-00C04F79EFBC}") = "user.secretsmanager", "user.secretsmanager\user.secretsmanager.csproj", "{11626E2E-A4BF-43B8-AC60-A4C26EC195DE}"
EndProject
Project("{FAE04EC0-301F-11D3-BF4B-00C04F79EFBC}") = "user.data", "user.data\user.data.csproj", "{2E6FA768-1FFC-43EA-B6DF-19C47998D828}"
EndProject
Project("{FAE04EC0-301F-11D3-BF4B-00C04F79EFBC}") = "user.infraestructure", "user.infraestructure\user.infraestructure.csproj", "{F38ADEEE-669E-481D-8380-70DA895877BA}"
EndProject
Project("{FAE04EC0-301F-11D3-BF4B-00C04F79EFBC}") = "user.test", "user.test\user.test.csproj", "{FC5DFD7B-61F3-4D4F-BFBD-8E251E9C4B30}"
EndProject
Project("{2150E333-8FDC-42A3-9474-1A3956D46DE8}") = "1. Api", "1. Api", "{0F79CD45-577E-4BFE-A596-31BBB80011D1}"
EndProject
Project("{2150E333-8FDC-42A3-9474-1A3956D46DE8}") = "2. Application", "2. Application", "{D89B5287-8546-434B-AF74-E59F8E2452C3}"
EndProject
Project("{2150E333-8FDC-42A3-9474-1A3956D46DE8}") = "3. Domain", "3. Domain", "{691C0FA5-DE1E-4A98-8234-685ADD94D8E8}"
EndProject
Project("{2150E333-8FDC-42A3-9474-1A3956D46DE8}") = "4. Commons", "4. Commons", "{1B52CE6B-AC21-41A5-BFEE-665BC982C5BF}"
EndProject
Project("{2150E333-8FDC-42A3-9474-1A3956D46DE8}") = "5. Infraestructure", "5. Infraestructure", "{233BE4A2-F2D9-421B-BB20-2B7188D395E7}"
EndProject
Project("{2150E333-8FDC-42A3-9474-1A3956D46DE8}") = "6. Test", "6. Test", "{FFF54B78-3610-403D-96AA-D399E858C695}"
EndProject
Global
	GlobalSection(SolutionConfigurationPlatforms) = preSolution
		Debug|Any CPU = Debug|Any CPU
		Release|Any CPU = Release|Any CPU
	EndGlobalSection
	GlobalSection(ProjectConfigurationPlatforms) = postSolution
		{45A6803E-ABC5-426E-86ED-836CFAA5BF54}.Debug|Any CPU.ActiveCfg = Debug|Any CPU
		{45A6803E-ABC5-426E-86ED-836CFAA5BF54}.Debug|Any CPU.Build.0 = Debug|Any CPU
		{45A6803E-ABC5-426E-86ED-836CFAA5BF54}.Release|Any CPU.ActiveCfg = Release|Any CPU
		{45A6803E-ABC5-426E-86ED-836CFAA5BF54}.Release|Any CPU.Build.0 = Release|Any CPU
		{FA996C3B-8158-409F-BE12-EB4065450B8F}.Debug|Any CPU.ActiveCfg = Debug|Any CPU
		{FA996C3B-8158-409F-BE12-EB4065450B8F}.Debug|Any CPU.Build.0 = Debug|Any CPU
		{FA996C3B-8158-409F-BE12-EB4065450B8F}.Release|Any CPU.ActiveCfg = Release|Any CPU
		{FA996C3B-8158-409F-BE12-EB4065450B8F}.Release|Any CPU.Build.0 = Release|Any CPU
		{4A3F7092-03F3-446A-BDBA-DF20EB2B0D0D}.Debug|Any CPU.ActiveCfg = Debug|Any CPU
		{4A3F7092-03F3-446A-BDBA-DF20EB2B0D0D}.Debug|Any CPU.Build.0 = Debug|Any CPU
		{4A3F7092-03F3-446A-BDBA-DF20EB2B0D0D}.Release|Any CPU.ActiveCfg = Release|Any CPU
		{4A3F7092-03F3-446A-BDBA-DF20EB2B0D0D}.Release|Any CPU.Build.0 = Release|Any CPU
		{2EAB0217-4192-4464-8A69-71966FB60A2B}.Debug|Any CPU.ActiveCfg = Debug|Any CPU
		{2EAB0217-4192-4464-8A69-71966FB60A2B}.Debug|Any CPU.Build.0 = Debug|Any CPU
		{2EAB0217-4192-4464-8A69-71966FB60A2B}.Release|Any CPU.ActiveCfg = Release|Any CPU
		{2EAB0217-4192-4464-8A69-71966FB60A2B}.Release|Any CPU.Build.0 = Release|Any CPU
		{13916455-0E07-408C-B2BF-F36D91E19A17}.Debug|Any CPU.ActiveCfg = Debug|Any CPU
		{13916455-0E07-408C-B2BF-F36D91E19A17}.Debug|Any CPU.Build.0 = Debug|Any CPU
		{13916455-0E07-408C-B2BF-F36D91E19A17}.Release|Any CPU.ActiveCfg = Release|Any CPU
		{13916455-0E07-408C-B2BF-F36D91E19A17}.Release|Any CPU.Build.0 = Release|Any CPU
		{C19655FA-82D9-4E67-A704-E2DD9F86AB0E}.Debug|Any CPU.ActiveCfg = Debug|Any CPU
		{C19655FA-82D9-4E67-A704-E2DD9F86AB0E}.Debug|Any CPU.Build.0 = Debug|Any CPU
		{C19655FA-82D9-4E67-A704-E2DD9F86AB0E}.Release|Any CPU.ActiveCfg = Release|Any CPU
		{C19655FA-82D9-4E67-A704-E2DD9F86AB0E}.Release|Any CPU.Build.0 = Release|Any CPU
		{F0BAC25F-4767-44BD-8293-909ABA870195}.Debug|Any CPU.ActiveCfg = Debug|Any CPU
		{F0BAC25F-4767-44BD-8293-909ABA870195}.Debug|Any CPU.Build.0 = Debug|Any CPU
		{F0BAC25F-4767-44BD-8293-909ABA870195}.Release|Any CPU.ActiveCfg = Release|Any CPU
		{F0BAC25F-4767-44BD-8293-909ABA870195}.Release|Any CPU.Build.0 = Release|Any CPU
		{B754C860-AEE0-4DEF-918D-80E141857E97}.Debug|Any CPU.ActiveCfg = Debug|Any CPU
		{B754C860-AEE0-4DEF-918D-80E141857E97}.Debug|Any CPU.Build.0 = Debug|Any CPU
		{B754C860-AEE0-4DEF-918D-80E141857E97}.Release|Any CPU.ActiveCfg = Release|Any CPU
		{B754C860-AEE0-4DEF-918D-80E141857E97}.Release|Any CPU.Build.0 = Release|Any CPU
		{F37797CE-EABD-497E-A95F-D9E0D44035CF}.Debug|Any CPU.ActiveCfg = Debug|Any CPU
		{F37797CE-EABD-497E-A95F-D9E0D44035CF}.Debug|Any CPU.Build.0 = Debug|Any CPU
		{F37797CE-EABD-497E-A95F-D9E0D44035CF}.Release|Any CPU.ActiveCfg = Release|Any CPU
		{F37797CE-EABD-497E-A95F-D9E0D44035CF}.Release|Any CPU.Build.0 = Release|Any CPU
		{11626E2E-A4BF-43B8-AC60-A4C26EC195DE}.Debug|Any CPU.ActiveCfg = Debug|Any CPU
		{11626E2E-A4BF-43B8-AC60-A4C26EC195DE}.Debug|Any CPU.Build.0 = Debug|Any CPU
		{11626E2E-A4BF-43B8-AC60-A4C26EC195DE}.Release|Any CPU.ActiveCfg = Release|Any CPU
		{11626E2E-A4BF-43B8-AC60-A4C26EC195DE}.Release|Any CPU.Build.0 = Release|Any CPU
		{2E6FA768-1FFC-43EA-B6DF-19C47998D828}.Debug|Any CPU.ActiveCfg = Debug|Any CPU
		{2E6FA768-1FFC-43EA-B6DF-19C47998D828}.Debug|Any CPU.Build.0 = Debug|Any CPU
		{2E6FA768-1FFC-43EA-B6DF-19C47998D828}.Release|Any CPU.ActiveCfg = Release|Any CPU
		{2E6FA768-1FFC-43EA-B6DF-19C47998D828}.Release|Any CPU.Build.0 = Release|Any CPU
		{F38ADEEE-669E-481D-8380-70DA895877BA}.Debug|Any CPU.ActiveCfg = Debug|Any CPU
		{F38ADEEE-669E-481D-8380-70DA895877BA}.Debug|Any CPU.Build.0 = Debug|Any CPU
		{F38ADEEE-669E-481D-8380-70DA895877BA}.Release|Any CPU.ActiveCfg = Release|Any CPU
		{F38ADEEE-669E-481D-8380-70DA895877BA}.Release|Any CPU.Build.0 = Release|Any CPU
		{FC5DFD7B-61F3-4D4F-BFBD-8E251E9C4B30}.Debug|Any CPU.ActiveCfg = Debug|Any CPU
		{FC5DFD7B-61F3-4D4F-BFBD-8E251E9C4B30}.Debug|Any CPU.Build.0 = Debug|Any CPU
		{FC5DFD7B-61F3-4D4F-BFBD-8E251E9C4B30}.Release|Any CPU.ActiveCfg = Release|Any CPU
		{FC5DFD7B-61F3-4D4F-BFBD-8E251E9C4B30}.Release|Any CPU.Build.0 = Release|Any CPU
	EndGlobalSection
	GlobalSection(SolutionProperties) = preSolution
		HideSolutionNode = FALSE
	EndGlobalSection
	GlobalSection(NestedProjects) = preSolution
		{45A6803E-ABC5-426E-86ED-836CFAA5BF54} = {0F79CD45-577E-4BFE-A596-31BBB80011D1}
		{FA996C3B-8158-409F-BE12-EB4065450B8F} = {D89B5287-8546-434B-AF74-E59F8E2452C3}
		{4A3F7092-03F3-446A-BDBA-DF20EB2B0D0D} = {D89B5287-8546-434B-AF74-E59F8E2452C3}
		{2EAB0217-4192-4464-8A69-71966FB60A2B} = {D89B5287-8546-434B-AF74-E59F8E2452C3}
		{13916455-0E07-408C-B2BF-F36D91E19A17} = {D89B5287-8546-434B-AF74-E59F8E2452C3}
		{C19655FA-82D9-4E67-A704-E2DD9F86AB0E} = {691C0FA5-DE1E-4A98-8234-685ADD94D8E8}
		{F0BAC25F-4767-44BD-8293-909ABA870195} = {1B52CE6B-AC21-41A5-BFEE-665BC982C5BF}
		{B754C860-AEE0-4DEF-918D-80E141857E97} = {1B52CE6B-AC21-41A5-BFEE-665BC982C5BF}
		{F37797CE-EABD-497E-A95F-D9E0D44035CF} = {1B52CE6B-AC21-41A5-BFEE-665BC982C5BF}
		{11626E2E-A4BF-43B8-AC60-A4C26EC195DE} = {1B52CE6B-AC21-41A5-BFEE-665BC982C5BF}
		{2E6FA768-1FFC-43EA-B6DF-19C47998D828} = {233BE4A2-F2D9-421B-BB20-2B7188D395E7}
		{F38ADEEE-669E-481D-8380-70DA895877BA} = {233BE4A2-F2D9-421B-BB20-2B7188D395E7}
		{FC5DFD7B-61F3-4D4F-BFBD-8E251E9C4B30} = {FFF54B78-3610-403D-96AA-D399E858C695}
	EndGlobalSection
	GlobalSection(ExtensibilityGlobals) = postSolution
		SolutionGuid = {A89A56FD-09A9-48CD-A8B9-EB420C2C1453}
	EndGlobalSection
EndGlobal
